
Microsoft Visual Studio Solution File, Format Version 11.00
# Visual Studio 2010
Project("{FAE04EC0-301F-11D3-BF4B-00C04F79EFBC}") = "1a1f9fb334895d441ac75e6a2eca802b", "Assembly-CSharp.csproj", "{021AE692-F8B1-B7B1-1C69-F78DE93A7774}"
EndProject
Project("{FAE04EC0-301F-11D3-BF4B-00C04F79EFBC}") = "1a1f9fb334895d441ac75e6a2eca802b", "Assembly-CSharp-Editor.csproj", "{96D1FD6A-F4C1-1579-6356-313B5156BEC2}"
EndProject
Global
	GlobalSection(SolutionConfigurationPlatforms) = preSolution
		Debug|Any CPU = Debug|Any CPU
		Release|Any CPU = Release|Any CPU
	EndGlobalSection
	GlobalSection(ProjectConfigurationPlatforms) = postSolution
		{021AE692-F8B1-B7B1-1C69-F78DE93A7774}.Debug|Any CPU.ActiveCfg = Debug|Any CPU
		{021AE692-F8B1-B7B1-1C69-F78DE93A7774}.Debug|Any CPU.Build.0 = Debug|Any CPU
		{021AE692-F8B1-B7B1-1C69-F78DE93A7774}.Release|Any CPU.ActiveCfg = Release|Any CPU
		{021AE692-F8B1-B7B1-1C69-F78DE93A7774}.Release|Any CPU.Build.0 = Release|Any CPU
		{96D1FD6A-F4C1-1579-6356-313B5156BEC2}.Debug|Any CPU.ActiveCfg = Debug|Any CPU
		{96D1FD6A-F4C1-1579-6356-313B5156BEC2}.Debug|Any CPU.Build.0 = Debug|Any CPU
		{96D1FD6A-F4C1-1579-6356-313B5156BEC2}.Release|Any CPU.ActiveCfg = Release|Any CPU
		{96D1FD6A-F4C1-1579-6356-313B5156BEC2}.Release|Any CPU.Build.0 = Release|Any CPU
	EndGlobalSection
	GlobalSection(SolutionProperties) = preSolution
		HideSolutionNode = FALSE
	EndGlobalSection
	GlobalSection(MonoDevelopProperties) = preSolution
		StartupItem = Assembly-CSharp.csproj
	EndGlobalSection
EndGlobal
